// !$*UTF8*$!
{
	archiveVersion = 1;
	classes = {
	};
	objectVersion = 50;
	objects = {

/* Begin PBXBuildFile section */
		2ACFE75741362D3FABAAE123 /* Pods_FindingApp.framework in Frameworks */ = {isa = PBXBuildFile; fileRef = F91BBFEDBA10D8B10717659C /* Pods_FindingApp.framework */; };
		9C00F9B521F518FA00516C5B /* AppDelegate.swift in Sources */ = {isa = PBXBuildFile; fileRef = 9C00F9B421F518FA00516C5B /* AppDelegate.swift */; };
		9C00F9BF21F518FC00516C5B /* LaunchScreen.storyboard in Resources */ = {isa = PBXBuildFile; fileRef = 9C00F9BD21F518FC00516C5B /* LaunchScreen.storyboard */; };
		9C00F9C721F519DB00516C5B /* EnumsConstants.swift in Sources */ = {isa = PBXBuildFile; fileRef = 9C00F9C621F519DB00516C5B /* EnumsConstants.swift */; };
		9C00F9C921F51A0B00516C5B /* RootViewController.swift in Sources */ = {isa = PBXBuildFile; fileRef = 9C00F9C821F51A0B00516C5B /* RootViewController.swift */; };
		9C00F9CB21F51A3400516C5B /* LocationManagerService.swift in Sources */ = {isa = PBXBuildFile; fileRef = 9C00F9CA21F51A3400516C5B /* LocationManagerService.swift */; };
		9C00F9CD21F51A5400516C5B /* DetailsViewController.swift in Sources */ = {isa = PBXBuildFile; fileRef = 9C00F9CC21F51A5400516C5B /* DetailsViewController.swift */; };
		9C00F9CF21F51A7C00516C5B /* DetailsCollectionViewCell.swift in Sources */ = {isa = PBXBuildFile; fileRef = 9C00F9CE21F51A7C00516C5B /* DetailsCollectionViewCell.swift */; };
		9C00F9D121F51A9700516C5B /* RootTableViewCell.swift in Sources */ = {isa = PBXBuildFile; fileRef = 9C00F9D021F51A9700516C5B /* RootTableViewCell.swift */; };
		9C00F9D421F51AC300516C5B /* BusinessDetails.swift in Sources */ = {isa = PBXBuildFile; fileRef = 9C00F9D321F51AC300516C5B /* BusinessDetails.swift */; };
		9C00F9D621F51AD900516C5B /* BusinessBasic.swift in Sources */ = {isa = PBXBuildFile; fileRef = 9C00F9D521F51AD900516C5B /* BusinessBasic.swift */; };
		9C00F9D821F51B7400516C5B /* Main.storyboard in Resources */ = {isa = PBXBuildFile; fileRef = 9C00F9D721F51B7400516C5B /* Main.storyboard */; };
		9C7DF77121FE67BC00FD4AF3 /* Assets.xcassets in Resources */ = {isa = PBXBuildFile; fileRef = 9C7DF77021FE67BC00FD4AF3 /* Assets.xcassets */; };
/* End PBXBuildFile section */

/* Begin PBXFileReference section */
		9C00F9B121F518FA00516C5B /* FindingApp.app */ = {isa = PBXFileReference; explicitFileType = wrapper.application; includeInIndex = 0; path = FindingApp.app; sourceTree = BUILT_PRODUCTS_DIR; };
		9C00F9B421F518FA00516C5B /* AppDelegate.swift */ = {isa = PBXFileReference; lastKnownFileType = sourcecode.swift; path = AppDelegate.swift; sourceTree = "<group>"; };
		9C00F9BE21F518FC00516C5B /* Base */ = {isa = PBXFileReference; lastKnownFileType = file.storyboard; name = Base; path = Base.lproj/LaunchScreen.storyboard; sourceTree = "<group>"; };
		9C00F9C021F518FC00516C5B /* Info.plist */ = {isa = PBXFileReference; lastKnownFileType = text.plist.xml; path = Info.plist; sourceTree = "<group>"; };
		9C00F9C621F519DB00516C5B /* EnumsConstants.swift */ = {isa = PBXFileReference; lastKnownFileType = sourcecode.swift; path = EnumsConstants.swift; sourceTree = "<group>"; };
		9C00F9C821F51A0B00516C5B /* RootViewController.swift */ = {isa = PBXFileReference; lastKnownFileType = sourcecode.swift; path = RootViewController.swift; sourceTree = "<group>"; };
		9C00F9CA21F51A3400516C5B /* LocationManagerService.swift */ = {isa = PBXFileReference; lastKnownFileType = sourcecode.swift; path = LocationManagerService.swift; sourceTree = "<group>"; };
		9C00F9CC21F51A5400516C5B /* DetailsViewController.swift */ = {isa = PBXFileReference; lastKnownFileType = sourcecode.swift; path = DetailsViewController.swift; sourceTree = "<group>"; };
		9C00F9CE21F51A7C00516C5B /* DetailsCollectionViewCell.swift */ = {isa = PBXFileReference; lastKnownFileType = sourcecode.swift; path = DetailsCollectionViewCell.swift; sourceTree = "<group>"; };
		9C00F9D021F51A9700516C5B /* RootTableViewCell.swift */ = {isa = PBXFileReference; lastKnownFileType = sourcecode.swift; path = RootTableViewCell.swift; sourceTree = "<group>"; };
		9C00F9D321F51AC300516C5B /* BusinessDetails.swift */ = {isa = PBXFileReference; lastKnownFileType = sourcecode.swift; path = BusinessDetails.swift; sourceTree = "<group>"; };
		9C00F9D521F51AD900516C5B /* BusinessBasic.swift */ = {isa = PBXFileReference; lastKnownFileType = sourcecode.swift; path = BusinessBasic.swift; sourceTree = "<group>"; };
		9C00F9D721F51B7400516C5B /* Main.storyboard */ = {isa = PBXFileReference; fileEncoding = 4; lastKnownFileType = file.storyboard; path = Main.storyboard; sourceTree = "<group>"; };
		9C7DF77021FE67BC00FD4AF3 /* Assets.xcassets */ = {isa = PBXFileReference; lastKnownFileType = folder.assetcatalog; path = Assets.xcassets; sourceTree = "<group>"; };
		A565B295EA0F71867FDF5CEF /* Pods-FindingApp.debug.xcconfig */ = {isa = PBXFileReference; includeInIndex = 1; lastKnownFileType = text.xcconfig; name = "Pods-FindingApp.debug.xcconfig"; path = "Pods/Target Support Files/Pods-FindingApp/Pods-FindingApp.debug.xcconfig"; sourceTree = "<group>"; };
		C71E167286D3339E6684208E /* Pods-FindingApp.release.xcconfig */ = {isa = PBXFileReference; includeInIndex = 1; lastKnownFileType = text.xcconfig; name = "Pods-FindingApp.release.xcconfig"; path = "Pods/Target Support Files/Pods-FindingApp/Pods-FindingApp.release.xcconfig"; sourceTree = "<group>"; };
		F91BBFEDBA10D8B10717659C /* Pods_FindingApp.framework */ = {isa = PBXFileReference; explicitFileType = wrapper.framework; includeInIndex = 0; path = Pods_FindingApp.framework; sourceTree = BUILT_PRODUCTS_DIR; };
/* End PBXFileReference section */

/* Begin PBXFrameworksBuildPhase section */
		9C00F9AE21F518FA00516C5B /* Frameworks */ = {
			isa = PBXFrameworksBuildPhase;
			buildActionMask = 2147483647;
			files = (
				2ACFE75741362D3FABAAE123 /* Pods_FindingApp.framework in Frameworks */,
			);
			runOnlyForDeploymentPostprocessing = 0;
		};
/* End PBXFrameworksBuildPhase section */

/* Begin PBXGroup section */
		79FCD5243C4EFFE1FD04CA5F /* Pods */ = {
			isa = PBXGroup;
			children = (
				A565B295EA0F71867FDF5CEF /* Pods-FindingApp.debug.xcconfig */,
				C71E167286D3339E6684208E /* Pods-FindingApp.release.xcconfig */,
			);
			name = Pods;
			sourceTree = "<group>";
		};
		9C00F9A821F518FA00516C5B = {
			isa = PBXGroup;
			children = (
				9C00F9B321F518FA00516C5B /* FindingApp */,
				9C00F9B221F518FA00516C5B /* Products */,
				79FCD5243C4EFFE1FD04CA5F /* Pods */,
				B6245A2B4F3523225FB26DFA /* Frameworks */,
			);
			sourceTree = "<group>";
		};
		9C00F9B221F518FA00516C5B /* Products */ = {
			isa = PBXGroup;
			children = (
				9C00F9B121F518FA00516C5B /* FindingApp.app */,
			);
			name = Products;
			sourceTree = "<group>";
		};
		9C00F9B321F518FA00516C5B /* FindingApp */ = {
			isa = PBXGroup;
			children = (
				9C00F9C621F519DB00516C5B /* EnumsConstants.swift */,
				9C00F9B421F518FA00516C5B /* AppDelegate.swift */,
				9C00F9DC21F51DD800516C5B /* View */,
				9C00F9DB21F51DBE00516C5B /* Services */,
				9C00F9D921F51D8700516C5B /* ViewController */,
				9C00F9D221F51AA900516C5B /* Model */,
				9C00F9C021F518FC00516C5B /* Info.plist */,
				9C7DF77021FE67BC00FD4AF3 /* Assets.xcassets */,
			);
			path = FindingApp;
			sourceTree = "<group>";
		};
		9C00F9D221F51AA900516C5B /* Model */ = {
			isa = PBXGroup;
			children = (
				9C00F9D321F51AC300516C5B /* BusinessDetails.swift */,
				9C00F9D521F51AD900516C5B /* BusinessBasic.swift */,
			);
			path = Model;
			sourceTree = "<group>";
		};
		9C00F9D921F51D8700516C5B /* ViewController */ = {
			isa = PBXGroup;
			children = (
				9C00F9DA21F51DAC00516C5B /* Cells */,
				9C00F9C821F51A0B00516C5B /* RootViewController.swift */,
				9C00F9CC21F51A5400516C5B /* DetailsViewController.swift */,
			);
			path = ViewController;
			sourceTree = "<group>";
		};
		9C00F9DA21F51DAC00516C5B /* Cells */ = {
			isa = PBXGroup;
			children = (
				9C00F9CE21F51A7C00516C5B /* DetailsCollectionViewCell.swift */,
				9C00F9D021F51A9700516C5B /* RootTableViewCell.swift */,
			);
			path = Cells;
			sourceTree = "<group>";
		};
		9C00F9DB21F51DBE00516C5B /* Services */ = {
			isa = PBXGroup;
			children = (
				9C00F9CA21F51A3400516C5B /* LocationManagerService.swift */,
			);
			path = Services;
			sourceTree = "<group>";
		};
		9C00F9DC21F51DD800516C5B /* View */ = {
			isa = PBXGroup;
			children = (
				9C00F9D721F51B7400516C5B /* Main.storyboard */,
				9C00F9BD21F518FC00516C5B /* LaunchScreen.storyboard */,
			);
			path = View;
			sourceTree = "<group>";
		};
		B6245A2B4F3523225FB26DFA /* Frameworks */ = {
			isa = PBXGroup;
			children = (
				F91BBFEDBA10D8B10717659C /* Pods_FindingApp.framework */,
			);
			name = Frameworks;
			sourceTree = "<group>";
		};
/* End PBXGroup section */

/* Begin PBXNativeTarget section */
		9C00F9B021F518FA00516C5B /* FindingApp */ = {
			isa = PBXNativeTarget;
			buildConfigurationList = 9C00F9C321F518FC00516C5B /* Build configuration list for PBXNativeTarget "FindingApp" */;
			buildPhases = (
				7394C69004CE2D78E6BA4374 /* [CP] Check Pods Manifest.lock */,
				9C00F9AD21F518FA00516C5B /* Sources */,
				9C00F9AE21F518FA00516C5B /* Frameworks */,
				9C00F9AF21F518FA00516C5B /* Resources */,
				50DB3C56A12E410CAE2B832A /* [CP] Embed Pods Frameworks */,
			);
			buildRules = (
			);
			dependencies = (
			);
			name = FindingApp;
			productName = FindingApp;
			productReference = 9C00F9B121F518FA00516C5B /* FindingApp.app */;
			productType = "com.apple.product-type.application";
		};
/* End PBXNativeTarget section */

/* Begin PBXProject section */
		9C00F9A921F518FA00516C5B /* Project object */ = {
			isa = PBXProject;
			attributes = {
				LastSwiftUpdateCheck = 1010;
				LastUpgradeCheck = 1010;
				ORGANIZATIONNAME = "OliveiraCode Technologies";
				TargetAttributes = {
					9C00F9B021F518FA00516C5B = {
						CreatedOnToolsVersion = 10.1;
					};
				};
			};
			buildConfigurationList = 9C00F9AC21F518FA00516C5B /* Build configuration list for PBXProject "FindingApp" */;
			compatibilityVersion = "Xcode 9.3";
			developmentRegion = en;
			hasScannedForEncodings = 0;
			knownRegions = (
				en,
				Base,
			);
			mainGroup = 9C00F9A821F518FA00516C5B;
			productRefGroup = 9C00F9B221F518FA00516C5B /* Products */;
			projectDirPath = "";
			projectRoot = "";
			targets = (
				9C00F9B021F518FA00516C5B /* FindingApp */,
			);
		};
/* End PBXProject section */

/* Begin PBXResourcesBuildPhase section */
		9C00F9AF21F518FA00516C5B /* Resources */ = {
			isa = PBXResourcesBuildPhase;
			buildActionMask = 2147483647;
			files = (
				9C00F9D821F51B7400516C5B /* Main.storyboard in Resources */,
				9C7DF77121FE67BC00FD4AF3 /* Assets.xcassets in Resources */,
				9C00F9BF21F518FC00516C5B /* LaunchScreen.storyboard in Resources */,
			);
			runOnlyForDeploymentPostprocessing = 0;
		};
/* End PBXResourcesBuildPhase section */

/* Begin PBXShellScriptBuildPhase section */
		50DB3C56A12E410CAE2B832A /* [CP] Embed Pods Frameworks */ = {
			isa = PBXShellScriptBuildPhase;
			buildActionMask = 2147483647;
			files = (
			);
			inputFileListPaths = (
			);
			inputPaths = (
				"${SRCROOT}/Pods/Target Support Files/Pods-FindingApp/Pods-FindingApp-frameworks.sh",
				"${BUILT_PRODUCTS_DIR}/Alamofire/Alamofire.framework",
				"${BUILT_PRODUCTS_DIR}/Cosmos/Cosmos.framework",
				"${BUILT_PRODUCTS_DIR}/Kingfisher/Kingfisher.framework",
			);
			name = "[CP] Embed Pods Frameworks";
			outputFileListPaths = (
			);
			outputPaths = (
				"${TARGET_BUILD_DIR}/${FRAMEWORKS_FOLDER_PATH}/Alamofire.framework",
				"${TARGET_BUILD_DIR}/${FRAMEWORKS_FOLDER_PATH}/Cosmos.framework",
				"${TARGET_BUILD_DIR}/${FRAMEWORKS_FOLDER_PATH}/Kingfisher.framework",
			);
			runOnlyForDeploymentPostprocessing = 0;
			shellPath = /bin/sh;
			shellScript = "\"${SRCROOT}/Pods/Target Support Files/Pods-FindingApp/Pods-FindingApp-frameworks.sh\"\n";
			showEnvVarsInLog = 0;
		};
		7394C69004CE2D78E6BA4374 /* [CP] Check Pods Manifest.lock */ = {
			isa = PBXShellScriptBuildPhase;
			buildActionMask = 2147483647;
			files = (
			);
			inputFileListPaths = (
			);
			inputPaths = (
				"${PODS_PODFILE_DIR_PATH}/Podfile.lock",
				"${PODS_ROOT}/Manifest.lock",
			);
			name = "[CP] Check Pods Manifest.lock";
			outputFileListPaths = (
			);
			outputPaths = (
				"$(DERIVED_FILE_DIR)/Pods-FindingApp-checkManifestLockResult.txt",
			);
			runOnlyForDeploymentPostprocessing = 0;
			shellPath = /bin/sh;
			shellScript = "diff \"${PODS_PODFILE_DIR_PATH}/Podfile.lock\" \"${PODS_ROOT}/Manifest.lock\" > /dev/null\nif [ $? != 0 ] ; then\n    # print error to STDERR\n    echo \"error: The sandbox is not in sync with the Podfile.lock. Run 'pod install' or update your CocoaPods installation.\" >&2\n    exit 1\nfi\n# This output is used by Xcode 'outputs' to avoid re-running this script phase.\necho \"SUCCESS\" > \"${SCRIPT_OUTPUT_FILE_0}\"\n";
			showEnvVarsInLog = 0;
		};
/* End PBXShellScriptBuildPhase section */

/* Begin PBXSourcesBuildPhase section */
		9C00F9AD21F518FA00516C5B /* Sources */ = {
			isa = PBXSourcesBuildPhase;
			buildActionMask = 2147483647;
			files = (
				9C00F9D121F51A9700516C5B /* RootTableViewCell.swift in Sources */,
				9C00F9CB21F51A3400516C5B /* LocationManagerService.swift in Sources */,
				9C00F9D421F51AC300516C5B /* BusinessDetails.swift in Sources */,
				9C00F9C721F519DB00516C5B /* EnumsConstants.swift in Sources */,
				9C00F9D621F51AD900516C5B /* BusinessBasic.swift in Sources */,
				9C00F9B521F518FA00516C5B /* AppDelegate.swift in Sources */,
				9C00F9C921F51A0B00516C5B /* RootViewController.swift in Sources */,
				9C00F9CD21F51A5400516C5B /* DetailsViewController.swift in Sources */,
				9C00F9CF21F51A7C00516C5B /* DetailsCollectionViewCell.swift in Sources */,
			);
			runOnlyForDeploymentPostprocessing = 0;
		};
/* End PBXSourcesBuildPhase section */

/* Begin PBXVariantGroup section */
		9C00F9BD21F518FC00516C5B /* LaunchScreen.storyboard */ = {
			isa = PBXVariantGroup;
			children = (
				9C00F9BE21F518FC00516C5B /* Base */,
			);
			name = LaunchScreen.storyboard;
			sourceTree = "<group>";
		};
/* End PBXVariantGroup section */

/* Begin XCBuildConfiguration section */
		9C00F9C121F518FC00516C5B /* Debug */ = {
			isa = XCBuildConfiguration;
			buildSettings = {
				ALWAYS_SEARCH_USER_PATHS = NO;
				CLANG_ANALYZER_NONNULL = YES;
				CLANG_ANALYZER_NUMBER_OBJECT_CONVERSION = YES_AGGRESSIVE;
				CLANG_CXX_LANGUAGE_STANDARD = "gnu++14";
				CLANG_CXX_LIBRARY = "libc++";
				CLANG_ENABLE_MODULES = YES;
				CLANG_ENABLE_OBJC_ARC = YES;
				CLANG_ENABLE_OBJC_WEAK = YES;
				CLANG_WARN_BLOCK_CAPTURE_AUTORELEASING = YES;
				CLANG_WARN_BOOL_CONVERSION = YES;
				CLANG_WARN_COMMA = YES;
				CLANG_WARN_CONSTANT_CONVERSION = YES;
				CLANG_WARN_DEPRECATED_OBJC_IMPLEMENTATIONS = YES;
				CLANG_WARN_DIRECT_OBJC_ISA_USAGE = YES_ERROR;
				CLANG_WARN_DOCUMENTATION_COMMENTS = YES;
				CLANG_WARN_EMPTY_BODY = YES;
				CLANG_WARN_ENUM_CONVERSION = YES;
				CLANG_WARN_INFINITE_RECURSION = YES;
				CLANG_WARN_INT_CONVERSION = YES;
				CLANG_WARN_NON_LITERAL_NULL_CONVERSION = YES;
				CLANG_WARN_OBJC_IMPLICIT_RETAIN_SELF = YES;
				CLANG_WARN_OBJC_LITERAL_CONVERSION = YES;
				CLANG_WARN_OBJC_ROOT_CLASS = YES_ERROR;
				CLANG_WARN_RANGE_LOOP_ANALYSIS = YES;
				CLANG_WARN_STRICT_PROTOTYPES = YES;
				CLANG_WARN_SUSPICIOUS_MOVE = YES;
				CLANG_WARN_UNGUARDED_AVAILABILITY = YES_AGGRESSIVE;
				CLANG_WARN_UNREACHABLE_CODE = YES;
				CLANG_WARN__DUPLICATE_METHOD_MATCH = YES;
				CODE_SIGN_IDENTITY = "iPhone Developer";
				COPY_PHASE_STRIP = NO;
				DEBUG_INFORMATION_FORMAT = dwarf;
				ENABLE_STRICT_OBJC_MSGSEND = YES;
				ENABLE_TESTABILITY = YES;
				GCC_C_LANGUAGE_STANDARD = gnu11;
				GCC_DYNAMIC_NO_PIC = NO;
				GCC_NO_COMMON_BLOCKS = YES;
				GCC_OPTIMIZATION_LEVEL = 0;
				GCC_PREPROCESSOR_DEFINITIONS = (
					"DEBUG=1",
					"$(inherited)",
				);
				GCC_WARN_64_TO_32_BIT_CONVERSION = YES;
				GCC_WARN_ABOUT_RETURN_TYPE = YES_ERROR;
				GCC_WARN_UNDECLARED_SELECTOR = YES;
				GCC_WARN_UNINITIALIZED_AUTOS = YES_AGGRESSIVE;
				GCC_WARN_UNUSED_FUNCTION = YES;
				GCC_WARN_UNUSED_VARIABLE = YES;
				IPHONEOS_DEPLOYMENT_TARGET = 12.1;
				MTL_ENABLE_DEBUG_INFO = INCLUDE_SOURCE;
				MTL_FAST_MATH = YES;
				ONLY_ACTIVE_ARCH = YES;
				SDKROOT = iphoneos;
				SWIFT_ACTIVE_COMPILATION_CONDITIONS = DEBUG;
				SWIFT_OPTIMIZATION_LEVEL = "-Onone";
			};
			name = Debug;
		};
		9C00F9C221F518FC00516C5B /* Release */ = {
			isa = XCBuildConfiguration;
			buildSettings = {
				ALWAYS_SEARCH_USER_PATHS = NO;
				CLANG_ANALYZER_NONNULL = YES;
				CLANG_ANALYZER_NUMBER_OBJECT_CONVERSION = YES_AGGRESSIVE;
				CLANG_CXX_LANGUAGE_STANDARD = "gnu++14";
				CLANG_CXX_LIBRARY = "libc++";
				CLANG_ENABLE_MODULES = YES;
				CLANG_ENABLE_OBJC_ARC = YES;
				CLANG_ENABLE_OBJC_WEAK = YES;
				CLANG_WARN_BLOCK_CAPTURE_AUTORELEASING = YES;
				CLANG_WARN_BOOL_CONVERSION = YES;
				CLANG_WARN_COMMA = YES;
				CLANG_WARN_CONSTANT_CONVERSION = YES;
				CLANG_WARN_DEPRECATED_OBJC_IMPLEMENTATIONS = YES;
				CLANG_WARN_DIRECT_OBJC_ISA_USAGE = YES_ERROR;
				CLANG_WARN_DOCUMENTATION_COMMENTS = YES;
				CLANG_WARN_EMPTY_BODY = YES;
				CLANG_WARN_ENUM_CONVERSION = YES;
				CLANG_WARN_INFINITE_RECURSION = YES;
				CLANG_WARN_INT_CONVERSION = YES;
				CLANG_WARN_NON_LITERAL_NULL_CONVERSION = YES;
				CLANG_WARN_OBJC_IMPLICIT_RETAIN_SELF = YES;
				CLANG_WARN_OBJC_LITERAL_CONVERSION = YES;
				CLANG_WARN_OBJC_ROOT_CLASS = YES_ERROR;
				CLANG_WARN_RANGE_LOOP_ANALYSIS = YES;
				CLANG_WARN_STRICT_PROTOTYPES = YES;
				CLANG_WARN_SUSPICIOUS_MOVE = YES;
				CLANG_WARN_UNGUARDED_AVAILABILITY = YES_AGGRESSIVE;
				CLANG_WARN_UNREACHABLE_CODE = YES;
				CLANG_WARN__DUPLICATE_METHOD_MATCH = YES;
				CODE_SIGN_IDENTITY = "iPhone Developer";
				COPY_PHASE_STRIP = NO;
				DEBUG_INFORMATION_FORMAT = "dwarf-with-dsym";
				ENABLE_NS_ASSERTIONS = NO;
				ENABLE_STRICT_OBJC_MSGSEND = YES;
				GCC_C_LANGUAGE_STANDARD = gnu11;
				GCC_NO_COMMON_BLOCKS = YES;
				GCC_WARN_64_TO_32_BIT_CONVERSION = YES;
				GCC_WARN_ABOUT_RETURN_TYPE = YES_ERROR;
				GCC_WARN_UNDECLARED_SELECTOR = YES;
				GCC_WARN_UNINITIALIZED_AUTOS = YES_AGGRESSIVE;
				GCC_WARN_UNUSED_FUNCTION = YES;
				GCC_WARN_UNUSED_VARIABLE = YES;
				IPHONEOS_DEPLOYMENT_TARGET = 12.1;
				MTL_ENABLE_DEBUG_INFO = NO;
				MTL_FAST_MATH = YES;
				SDKROOT = iphoneos;
				SWIFT_COMPILATION_MODE = wholemodule;
				SWIFT_OPTIMIZATION_LEVEL = "-O";
				VALIDATE_PRODUCT = YES;
			};
			name = Release;
		};
		9C00F9C421F518FC00516C5B /* Debug */ = {
			isa = XCBuildConfiguration;
			baseConfigurationReference = A565B295EA0F71867FDF5CEF /* Pods-FindingApp.debug.xcconfig */;
			buildSettings = {
				ASSETCATALOG_COMPILER_APPICON_NAME = AppIcon;
				CODE_SIGN_STYLE = Automatic;
				DEVELOPMENT_TEAM = W37KBBDQBC;
				INFOPLIST_FILE = FindingApp/Info.plist;
				LD_RUNPATH_SEARCH_PATHS = (
					"$(inherited)",
					"@executable_path/Frameworks",
				);
				PRODUCT_BUNDLE_IDENTIFIER = com.oliveiracode.FindingApp;
				PRODUCT_NAME = "$(TARGET_NAME)";
				SWIFT_VERSION = 4.2;
				TARGETED_DEVICE_FAMILY = 1;
			};
			name = Debug;
		};
		9C00F9C521F518FC00516C5B /* Release */ = {
			isa = XCBuildConfiguration;
			baseConfigurationReference = C71E167286D3339E6684208E /* Pods-FindingApp.release.xcconfig */;
			buildSettings = {
				ASSETCATALOG_COMPILER_APPICON_NAME = AppIcon;
				CODE_SIGN_STYLE = Automatic;
				DEVELOPMENT_TEAM = W37KBBDQBC;
				INFOPLIST_FILE = FindingApp/Info.plist;
				LD_RUNPATH_SEARCH_PATHS = (
					"$(inherited)",
					"@executable_path/Frameworks",
				);
				PRODUCT_BUNDLE_IDENTIFIER = com.oliveiracode.FindingApp;
				PRODUCT_NAME = "$(TARGET_NAME)";
				SWIFT_VERSION = 4.2;
				TARGETED_DEVICE_FAMILY = 1;
			};
			name = Release;
		};
/* End XCBuildConfiguration section */

/* Begin XCConfigurationList section */
		9C00F9AC21F518FA00516C5B /* Build configuration list for PBXProject "FindingApp" */ = {
			isa = XCConfigurationList;
			buildConfigurations = (
				9C00F9C121F518FC00516C5B /* Debug */,
				9C00F9C221F518FC00516C5B /* Release */,
			);
			defaultConfigurationIsVisible = 0;
			defaultConfigurationName = Release;
		};
		9C00F9C321F518FC00516C5B /* Build configuration list for PBXNativeTarget "FindingApp" */ = {
			isa = XCConfigurationList;
			buildConfigurations = (
				9C00F9C421F518FC00516C5B /* Debug */,
				9C00F9C521F518FC00516C5B /* Release */,
			);
			defaultConfigurationIsVisible = 0;
			defaultConfigurationName = Release;
		};
/* End XCConfigurationList section */
	};
	rootObject = 9C00F9A921F518FA00516C5B /* Project object */;
}
